// !$*UTF8*$!
{
	archiveVersion = 1;
	classes = {
	};
	objectVersion = 52;
	objects = {

/* Begin PBXBuildFile section */
		88CFEBCD264130100080CE87 /* BookShelfApp.swift in Sources */ = {isa = PBXBuildFile; fileRef = 88CFEBBA2641300E0080CE87 /* BookShelfApp.swift */; };
		88CFEBCE264130100080CE87 /* BookShelfApp.swift in Sources */ = {isa = PBXBuildFile; fileRef = 88CFEBBA2641300E0080CE87 /* BookShelfApp.swift */; };
		88CFEBD1264130100080CE87 /* Assets.xcassets in Resources */ = {isa = PBXBuildFile; fileRef = 88CFEBBC264130100080CE87 /* Assets.xcassets */; };
		88CFEBD2264130100080CE87 /* Assets.xcassets in Resources */ = {isa = PBXBuildFile; fileRef = 88CFEBBC264130100080CE87 /* Assets.xcassets */; };
		88CFEBE226413FFD0080CE87 /* Book.swift in Sources */ = {isa = PBXBuildFile; fileRef = 88CFEBE126413FFD0080CE87 /* Book.swift */; };
		88CFEBE326413FFD0080CE87 /* Book.swift in Sources */ = {isa = PBXBuildFile; fileRef = 88CFEBE126413FFD0080CE87 /* Book.swift */; };
		88CFEBE6264140380080CE87 /* BooksViewModel.swift in Sources */ = {isa = PBXBuildFile; fileRef = 88CFEBE5264140380080CE87 /* BooksViewModel.swift */; };
		88CFEBE7264140380080CE87 /* BooksViewModel.swift in Sources */ = {isa = PBXBuildFile; fileRef = 88CFEBE5264140380080CE87 /* BooksViewModel.swift */; };
		88CFEBEA264140C10080CE87 /* BookRowView.swift in Sources */ = {isa = PBXBuildFile; fileRef = 88CFEBE9264140C10080CE87 /* BookRowView.swift */; };
		88CFEBEB264140C10080CE87 /* BookRowView.swift in Sources */ = {isa = PBXBuildFile; fileRef = 88CFEBE9264140C10080CE87 /* BookRowView.swift */; };
		88CFEBED264140ED0080CE87 /* BookDetailsView.swift in Sources */ = {isa = PBXBuildFile; fileRef = 88CFEBEC264140ED0080CE87 /* BookDetailsView.swift */; };
		88CFEBEE264140ED0080CE87 /* BookDetailsView.swift in Sources */ = {isa = PBXBuildFile; fileRef = 88CFEBEC264140ED0080CE87 /* BookDetailsView.swift */; };
		88CFEBF02641413C0080CE87 /* BookEditView.swift in Sources */ = {isa = PBXBuildFile; fileRef = 88CFEBEF2641413C0080CE87 /* BookEditView.swift */; };
		88CFEBF12641413C0080CE87 /* BookEditView.swift in Sources */ = {isa = PBXBuildFile; fileRef = 88CFEBEF2641413C0080CE87 /* BookEditView.swift */; };
		88CFEBF4264141810080CE87 /* ISBN.swift in Sources */ = {isa = PBXBuildFile; fileRef = 88CFEBF3264141810080CE87 /* ISBN.swift */; };
		88CFEBF5264141810080CE87 /* ISBN.swift in Sources */ = {isa = PBXBuildFile; fileRef = 88CFEBF3264141810080CE87 /* ISBN.swift */; };
		88CFEBF7264159F50080CE87 /* BookShelvesView.swift in Sources */ = {isa = PBXBuildFile; fileRef = 88CFEBF6264159F50080CE87 /* BookShelvesView.swift */; };
		88CFEBF8264159F50080CE87 /* BookShelvesView.swift in Sources */ = {isa = PBXBuildFile; fileRef = 88CFEBF6264159F50080CE87 /* BookShelvesView.swift */; };
		88CFEBFA26415A220080CE87 /* BookShelf.swift in Sources */ = {isa = PBXBuildFile; fileRef = 88CFEBF926415A220080CE87 /* BookShelf.swift */; };
		88CFEBFB26415A220080CE87 /* BookShelf.swift in Sources */ = {isa = PBXBuildFile; fileRef = 88CFEBF926415A220080CE87 /* BookShelf.swift */; };
		88CFEBFD264167230080CE87 /* BookShelfView.swift in Sources */ = {isa = PBXBuildFile; fileRef = 88CFEBFC264167230080CE87 /* BookShelfView.swift */; };
		88CFEBFE264167230080CE87 /* BookShelfView.swift in Sources */ = {isa = PBXBuildFile; fileRef = 88CFEBFC264167230080CE87 /* BookShelfView.swift */; };
		88CFEC032641695D0080CE87 /* BookShelfViewModel.swift in Sources */ = {isa = PBXBuildFile; fileRef = 88CFEC022641695D0080CE87 /* BookShelfViewModel.swift */; };
		88CFEC042641695D0080CE87 /* BookShelfViewModel.swift in Sources */ = {isa = PBXBuildFile; fileRef = 88CFEC022641695D0080CE87 /* BookShelfViewModel.swift */; };
		88CFEC0A2641E87A0080CE87 /* SystemColors in Frameworks */ = {isa = PBXBuildFile; productRef = 88CFEC092641E87A0080CE87 /* SystemColors */; };
		88CFEC0D2641E8DA0080CE87 /* SystemColors in Frameworks */ = {isa = PBXBuildFile; productRef = 88CFEC0C2641E8DA0080CE87 /* SystemColors */; };
/* End PBXBuildFile section */

/* Begin PBXFileReference section */
		88CFEBBA2641300E0080CE87 /* BookShelfApp.swift */ = {isa = PBXFileReference; lastKnownFileType = sourcecode.swift; path = BookShelfApp.swift; sourceTree = "<group>"; };
		88CFEBBC264130100080CE87 /* Assets.xcassets */ = {isa = PBXFileReference; lastKnownFileType = folder.assetcatalog; path = Assets.xcassets; sourceTree = "<group>"; };
		88CFEBC1264130100080CE87 /* BookShelf.app */ = {isa = PBXFileReference; explicitFileType = wrapper.application; includeInIndex = 0; path = BookShelf.app; sourceTree = BUILT_PRODUCTS_DIR; };
		88CFEBC4264130100080CE87 /* Info.plist */ = {isa = PBXFileReference; lastKnownFileType = text.plist.xml; path = Info.plist; sourceTree = "<group>"; };
		88CFEBC9264130100080CE87 /* BookShelf.app */ = {isa = PBXFileReference; explicitFileType = wrapper.application; includeInIndex = 0; path = BookShelf.app; sourceTree = BUILT_PRODUCTS_DIR; };
		88CFEBCB264130100080CE87 /* Info.plist */ = {isa = PBXFileReference; lastKnownFileType = text.plist.xml; path = Info.plist; sourceTree = "<group>"; };
		88CFEBCC264130100080CE87 /* macOS.entitlements */ = {isa = PBXFileReference; lastKnownFileType = text.plist.entitlements; path = macOS.entitlements; sourceTree = "<group>"; };
		88CFEBE126413FFD0080CE87 /* Book.swift */ = {isa = PBXFileReference; lastKnownFileType = sourcecode.swift; path = Book.swift; sourceTree = "<group>"; };
		88CFEBE5264140380080CE87 /* BooksViewModel.swift */ = {isa = PBXFileReference; lastKnownFileType = sourcecode.swift; path = BooksViewModel.swift; sourceTree = "<group>"; };
		88CFEBE9264140C10080CE87 /* BookRowView.swift */ = {isa = PBXFileReference; lastKnownFileType = sourcecode.swift; path = BookRowView.swift; sourceTree = "<group>"; };
		88CFEBEC264140ED0080CE87 /* BookDetailsView.swift */ = {isa = PBXFileReference; lastKnownFileType = sourcecode.swift; path = BookDetailsView.swift; sourceTree = "<group>"; };
		88CFEBEF2641413C0080CE87 /* BookEditView.swift */ = {isa = PBXFileReference; lastKnownFileType = sourcecode.swift; path = BookEditView.swift; sourceTree = "<group>"; };
		88CFEBF3264141810080CE87 /* ISBN.swift */ = {isa = PBXFileReference; lastKnownFileType = sourcecode.swift; path = ISBN.swift; sourceTree = "<group>"; };
		88CFEBF6264159F50080CE87 /* BookShelvesView.swift */ = {isa = PBXFileReference; lastKnownFileType = sourcecode.swift; path = BookShelvesView.swift; sourceTree = "<group>"; };
		88CFEBF926415A220080CE87 /* BookShelf.swift */ = {isa = PBXFileReference; lastKnownFileType = sourcecode.swift; path = BookShelf.swift; sourceTree = "<group>"; };
		88CFEBFC264167230080CE87 /* BookShelfView.swift */ = {isa = PBXFileReference; lastKnownFileType = sourcecode.swift; path = BookShelfView.swift; sourceTree = "<group>"; };
		88CFEC022641695D0080CE87 /* BookShelfViewModel.swift */ = {isa = PBXFileReference; lastKnownFileType = sourcecode.swift; path = BookShelfViewModel.swift; sourceTree = "<group>"; };
/* End PBXFileReference section */

/* Begin PBXFrameworksBuildPhase section */
		88CFEBBE264130100080CE87 /* Frameworks */ = {
			isa = PBXFrameworksBuildPhase;
			buildActionMask = 2147483647;
			files = (
				88CFEC0A2641E87A0080CE87 /* SystemColors in Frameworks */,
			);
			runOnlyForDeploymentPostprocessing = 0;
		};
		88CFEBC6264130100080CE87 /* Frameworks */ = {
			isa = PBXFrameworksBuildPhase;
			buildActionMask = 2147483647;
			files = (
				88CFEC0D2641E8DA0080CE87 /* SystemColors in Frameworks */,
			);
			runOnlyForDeploymentPostprocessing = 0;
		};
/* End PBXFrameworksBuildPhase section */

/* Begin PBXGroup section */
		88CFEBB42641300E0080CE87 = {
			isa = PBXGroup;
			children = (
				88CFEBB92641300E0080CE87 /* Shared */,
				88CFEBC3264130100080CE87 /* iOS */,
				88CFEBCA264130100080CE87 /* macOS */,
				88CFEBC2264130100080CE87 /* Products */,
				88CFEC0B2641E8DA0080CE87 /* Frameworks */,
			);
			sourceTree = "<group>";
		};
		88CFEBB92641300E0080CE87 /* Shared */ = {
			isa = PBXGroup;
			children = (
				88CFEBF2264141700080CE87 /* Utils */,
				88CFEBDB26413C070080CE87 /* App */,
				88CFEBDC26413C140080CE87 /* Screens */,
				88CFEBE8264140AF0080CE87 /* Views */,
				88CFEBE026413FE80080CE87 /* Model */,
				88CFEBE4264140240080CE87 /* ViewModel */,
				88CFEBBC264130100080CE87 /* Assets.xcassets */,
			);
			path = Shared;
			sourceTree = "<group>";
		};
		88CFEBC2264130100080CE87 /* Products */ = {
			isa = PBXGroup;
			children = (
				88CFEBC1264130100080CE87 /* BookShelf.app */,
				88CFEBC9264130100080CE87 /* BookShelf.app */,
			);
			name = Products;
			sourceTree = "<group>";
		};
		88CFEBC3264130100080CE87 /* iOS */ = {
			isa = PBXGroup;
			children = (
				88CFEBC4264130100080CE87 /* Info.plist */,
			);
			path = iOS;
			sourceTree = "<group>";
		};
		88CFEBCA264130100080CE87 /* macOS */ = {
			isa = PBXGroup;
			children = (
				88CFEBCB264130100080CE87 /* Info.plist */,
				88CFEBCC264130100080CE87 /* macOS.entitlements */,
			);
			path = macOS;
			sourceTree = "<group>";
		};
		88CFEBDB26413C070080CE87 /* App */ = {
			isa = PBXGroup;
			children = (
				88CFEBBA2641300E0080CE87 /* BookShelfApp.swift */,
			);
			path = App;
			sourceTree = "<group>";
		};
		88CFEBDC26413C140080CE87 /* Screens */ = {
			isa = PBXGroup;
			children = (
			);
			path = Screens;
			sourceTree = "<group>";
		};
		88CFEBE026413FE80080CE87 /* Model */ = {
			isa = PBXGroup;
			children = (
				88CFEBE126413FFD0080CE87 /* Book.swift */,
				88CFEBF926415A220080CE87 /* BookShelf.swift */,
			);
			path = Model;
			sourceTree = "<group>";
		};
		88CFEBE4264140240080CE87 /* ViewModel */ = {
			isa = PBXGroup;
			children = (
				88CFEBE5264140380080CE87 /* BooksViewModel.swift */,
				88CFEC022641695D0080CE87 /* BookShelfViewModel.swift */,
			);
			path = ViewModel;
			sourceTree = "<group>";
		};
		88CFEBE8264140AF0080CE87 /* Views */ = {
			isa = PBXGroup;
			children = (
				88CFEBF6264159F50080CE87 /* BookShelvesView.swift */,
				88CFEBFC264167230080CE87 /* BookShelfView.swift */,
				88CFEBEC264140ED0080CE87 /* BookDetailsView.swift */,
				88CFEBEF2641413C0080CE87 /* BookEditView.swift */,
				88CFEBE9264140C10080CE87 /* BookRowView.swift */,
			);
			path = Views;
			sourceTree = "<group>";
		};
		88CFEBF2264141700080CE87 /* Utils */ = {
			isa = PBXGroup;
			children = (
				88CFEBF3264141810080CE87 /* ISBN.swift */,
			);
			path = Utils;
			sourceTree = "<group>";
		};
		88CFEC0B2641E8DA0080CE87 /* Frameworks */ = {
			isa = PBXGroup;
			children = (
			);
			name = Frameworks;
			sourceTree = "<group>";
		};
/* End PBXGroup section */

/* Begin PBXNativeTarget section */
		88CFEBC0264130100080CE87 /* BookShelf (iOS) */ = {
			isa = PBXNativeTarget;
			buildConfigurationList = 88CFEBD5264130100080CE87 /* Build configuration list for PBXNativeTarget "BookShelf (iOS)" */;
			buildPhases = (
				88CFEBBD264130100080CE87 /* Sources */,
				88CFEBBE264130100080CE87 /* Frameworks */,
				88CFEBBF264130100080CE87 /* Resources */,
			);
			buildRules = (
			);
			dependencies = (
			);
			name = "BookShelf (iOS)";
			packageProductDependencies = (
				88CFEC092641E87A0080CE87 /* SystemColors */,
			);
			productName = "BookShelf (iOS)";
			productReference = 88CFEBC1264130100080CE87 /* BookShelf.app */;
			productType = "com.apple.product-type.application";
		};
		88CFEBC8264130100080CE87 /* BookShelf (macOS) */ = {
			isa = PBXNativeTarget;
			buildConfigurationList = 88CFEBD8264130100080CE87 /* Build configuration list for PBXNativeTarget "BookShelf (macOS)" */;
			buildPhases = (
				88CFEBC5264130100080CE87 /* Sources */,
				88CFEBC6264130100080CE87 /* Frameworks */,
				88CFEBC7264130100080CE87 /* Resources */,
			);
			buildRules = (
			);
			dependencies = (
			);
			name = "BookShelf (macOS)";
			packageProductDependencies = (
				88CFEC0C2641E8DA0080CE87 /* SystemColors */,
			);
			productName = "BookShelf (macOS)";
			productReference = 88CFEBC9264130100080CE87 /* BookShelf.app */;
			productType = "com.apple.product-type.application";
		};
/* End PBXNativeTarget section */

/* Begin PBXProject section */
		88CFEBB52641300E0080CE87 /* Project object */ = {
			isa = PBXProject;
			attributes = {
				LastSwiftUpdateCheck = 1250;
				LastUpgradeCheck = 1250;
				TargetAttributes = {
					88CFEBC0264130100080CE87 = {
						CreatedOnToolsVersion = 12.5;
					};
					88CFEBC8264130100080CE87 = {
						CreatedOnToolsVersion = 12.5;
					};
				};
			};
			buildConfigurationList = 88CFEBB82641300E0080CE87 /* Build configuration list for PBXProject "BookShelf" */;
			compatibilityVersion = "Xcode 9.3";
			developmentRegion = en;
			hasScannedForEncodings = 0;
			knownRegions = (
				en,
				Base,
			);
			mainGroup = 88CFEBB42641300E0080CE87;
			packageReferences = (
				88CFEC082641E87A0080CE87 /* XCRemoteSwiftPackageReference "swiftui-system-colors" */,
			);
			productRefGroup = 88CFEBC2264130100080CE87 /* Products */;
			projectDirPath = "";
			projectRoot = "";
			targets = (
				88CFEBC0264130100080CE87 /* BookShelf (iOS) */,
				88CFEBC8264130100080CE87 /* BookShelf (macOS) */,
			);
		};
/* End PBXProject section */

/* Begin PBXResourcesBuildPhase section */
		88CFEBBF264130100080CE87 /* Resources */ = {
			isa = PBXResourcesBuildPhase;
			buildActionMask = 2147483647;
			files = (
				88CFEBD1264130100080CE87 /* Assets.xcassets in Resources */,
			);
			runOnlyForDeploymentPostprocessing = 0;
		};
		88CFEBC7264130100080CE87 /* Resources */ = {
			isa = PBXResourcesBuildPhase;
			buildActionMask = 2147483647;
			files = (
				88CFEBD2264130100080CE87 /* Assets.xcassets in Resources */,
			);
			runOnlyForDeploymentPostprocessing = 0;
		};
/* End PBXResourcesBuildPhase section */

/* Begin PBXSourcesBuildPhase section */
		88CFEBBD264130100080CE87 /* Sources */ = {
			isa = PBXSourcesBuildPhase;
			buildActionMask = 2147483647;
			files = (
				88CFEC032641695D0080CE87 /* BookShelfViewModel.swift in Sources */,
				88CFEBCD264130100080CE87 /* BookShelfApp.swift in Sources */,
				88CFEBF4264141810080CE87 /* ISBN.swift in Sources */,
				88CFEBEA264140C10080CE87 /* BookRowView.swift in Sources */,
				88CFEBFA26415A220080CE87 /* BookShelf.swift in Sources */,
				88CFEBFD264167230080CE87 /* BookShelfView.swift in Sources */,
				88CFEBE6264140380080CE87 /* BooksViewModel.swift in Sources */,
				88CFEBED264140ED0080CE87 /* BookDetailsView.swift in Sources */,
				88CFEBF02641413C0080CE87 /* BookEditView.swift in Sources */,
				88CFEBF7264159F50080CE87 /* BookShelvesView.swift in Sources */,
				88CFEBE226413FFD0080CE87 /* Book.swift in Sources */,
			);
			runOnlyForDeploymentPostprocessing = 0;
		};
		88CFEBC5264130100080CE87 /* Sources */ = {
			isa = PBXSourcesBuildPhase;
			buildActionMask = 2147483647;
			files = (
				88CFEC042641695D0080CE87 /* BookShelfViewModel.swift in Sources */,
				88CFEBCE264130100080CE87 /* BookShelfApp.swift in Sources */,
				88CFEBF5264141810080CE87 /* ISBN.swift in Sources */,
				88CFEBEB264140C10080CE87 /* BookRowView.swift in Sources */,
				88CFEBFB26415A220080CE87 /* BookShelf.swift in Sources */,
				88CFEBFE264167230080CE87 /* BookShelfView.swift in Sources */,
				88CFEBE7264140380080CE87 /* BooksViewModel.swift in Sources */,
				88CFEBEE264140ED0080CE87 /* BookDetailsView.swift in Sources */,
				88CFEBF12641413C0080CE87 /* BookEditView.swift in Sources */,
				88CFEBF8264159F50080CE87 /* BookShelvesView.swift in Sources */,
				88CFEBE326413FFD0080CE87 /* Book.swift in Sources */,
			);
			runOnlyForDeploymentPostprocessing = 0;
		};
/* End PBXSourcesBuildPhase section */

/* Begin XCBuildConfiguration section */
		88CFEBD3264130100080CE87 /* Debug */ = {
			isa = XCBuildConfiguration;
			buildSettings = {
				ALWAYS_SEARCH_USER_PATHS = NO;
				CLANG_ANALYZER_NONNULL = YES;
				CLANG_ANALYZER_NUMBER_OBJECT_CONVERSION = YES_AGGRESSIVE;
				CLANG_CXX_LANGUAGE_STANDARD = "gnu++14";
				CLANG_CXX_LIBRARY = "libc++";
				CLANG_ENABLE_MODULES = YES;
				CLANG_ENABLE_OBJC_ARC = YES;
				CLANG_ENABLE_OBJC_WEAK = YES;
				CLANG_WARN_BLOCK_CAPTURE_AUTORELEASING = YES;
				CLANG_WARN_BOOL_CONVERSION = YES;
				CLANG_WARN_COMMA = YES;
				CLANG_WARN_CONSTANT_CONVERSION = YES;
				CLANG_WARN_DEPRECATED_OBJC_IMPLEMENTATIONS = YES;
				CLANG_WARN_DIRECT_OBJC_ISA_USAGE = YES_ERROR;
				CLANG_WARN_DOCUMENTATION_COMMENTS = YES;
				CLANG_WARN_EMPTY_BODY = YES;
				CLANG_WARN_ENUM_CONVERSION = YES;
				CLANG_WARN_INFINITE_RECURSION = YES;
				CLANG_WARN_INT_CONVERSION = YES;
				CLANG_WARN_NON_LITERAL_NULL_CONVERSION = YES;
				CLANG_WARN_OBJC_IMPLICIT_RETAIN_SELF = YES;
				CLANG_WARN_OBJC_LITERAL_CONVERSION = YES;
				CLANG_WARN_OBJC_ROOT_CLASS = YES_ERROR;
				CLANG_WARN_QUOTED_INCLUDE_IN_FRAMEWORK_HEADER = YES;
				CLANG_WARN_RANGE_LOOP_ANALYSIS = YES;
				CLANG_WARN_STRICT_PROTOTYPES = YES;
				CLANG_WARN_SUSPICIOUS_MOVE = YES;
				CLANG_WARN_UNGUARDED_AVAILABILITY = YES_AGGRESSIVE;
				CLANG_WARN_UNREACHABLE_CODE = YES;
				CLANG_WARN__DUPLICATE_METHOD_MATCH = YES;
				COPY_PHASE_STRIP = NO;
				DEBUG_INFORMATION_FORMAT = dwarf;
				ENABLE_STRICT_OBJC_MSGSEND = YES;
				ENABLE_TESTABILITY = YES;
				GCC_C_LANGUAGE_STANDARD = gnu11;
				GCC_DYNAMIC_NO_PIC = NO;
				GCC_NO_COMMON_BLOCKS = YES;
				GCC_OPTIMIZATION_LEVEL = 0;
				GCC_PREPROCESSOR_DEFINITIONS = (
					"DEBUG=1",
					"$(inherited)",
				);
				GCC_WARN_64_TO_32_BIT_CONVERSION = YES;
				GCC_WARN_ABOUT_RETURN_TYPE = YES_ERROR;
				GCC_WARN_UNDECLARED_SELECTOR = YES;
				GCC_WARN_UNINITIALIZED_AUTOS = YES_AGGRESSIVE;
				GCC_WARN_UNUSED_FUNCTION = YES;
				GCC_WARN_UNUSED_VARIABLE = YES;
				MTL_ENABLE_DEBUG_INFO = INCLUDE_SOURCE;
				MTL_FAST_MATH = YES;
				ONLY_ACTIVE_ARCH = YES;
				SWIFT_ACTIVE_COMPILATION_CONDITIONS = DEBUG;
				SWIFT_OPTIMIZATION_LEVEL = "-Onone";
			};
			name = Debug;
		};
		88CFEBD4264130100080CE87 /* Release */ = {
			isa = XCBuildConfiguration;
			buildSettings = {
				ALWAYS_SEARCH_USER_PATHS = NO;
				CLANG_ANALYZER_NONNULL = YES;
				CLANG_ANALYZER_NUMBER_OBJECT_CONVERSION = YES_AGGRESSIVE;
				CLANG_CXX_LANGUAGE_STANDARD = "gnu++14";
				CLANG_CXX_LIBRARY = "libc++";
				CLANG_ENABLE_MODULES = YES;
				CLANG_ENABLE_OBJC_ARC = YES;
				CLANG_ENABLE_OBJC_WEAK = YES;
				CLANG_WARN_BLOCK_CAPTURE_AUTORELEASING = YES;
				CLANG_WARN_BOOL_CONVERSION = YES;
				CLANG_WARN_COMMA = YES;
				CLANG_WARN_CONSTANT_CONVERSION = YES;
				CLANG_WARN_DEPRECATED_OBJC_IMPLEMENTATIONS = YES;
				CLANG_WARN_DIRECT_OBJC_ISA_USAGE = YES_ERROR;
				CLANG_WARN_DOCUMENTATION_COMMENTS = YES;
				CLANG_WARN_EMPTY_BODY = YES;
				CLANG_WARN_ENUM_CONVERSION = YES;
				CLANG_WARN_INFINITE_RECURSION = YES;
				CLANG_WARN_INT_CONVERSION = YES;
				CLANG_WARN_NON_LITERAL_NULL_CONVERSION = YES;
				CLANG_WARN_OBJC_IMPLICIT_RETAIN_SELF = YES;
				CLANG_WARN_OBJC_LITERAL_CONVERSION = YES;
				CLANG_WARN_OBJC_ROOT_CLASS = YES_ERROR;
				CLANG_WARN_QUOTED_INCLUDE_IN_FRAMEWORK_HEADER = YES;
				CLANG_WARN_RANGE_LOOP_ANALYSIS = YES;
				CLANG_WARN_STRICT_PROTOTYPES = YES;
				CLANG_WARN_SUSPICIOUS_MOVE = YES;
				CLANG_WARN_UNGUARDED_AVAILABILITY = YES_AGGRESSIVE;
				CLANG_WARN_UNREACHABLE_CODE = YES;
				CLANG_WARN__DUPLICATE_METHOD_MATCH = YES;
				COPY_PHASE_STRIP = NO;
				DEBUG_INFORMATION_FORMAT = "dwarf-with-dsym";
				ENABLE_NS_ASSERTIONS = NO;
				ENABLE_STRICT_OBJC_MSGSEND = YES;
				GCC_C_LANGUAGE_STANDARD = gnu11;
				GCC_NO_COMMON_BLOCKS = YES;
				GCC_WARN_64_TO_32_BIT_CONVERSION = YES;
				GCC_WARN_ABOUT_RETURN_TYPE = YES_ERROR;
				GCC_WARN_UNDECLARED_SELECTOR = YES;
				GCC_WARN_UNINITIALIZED_AUTOS = YES_AGGRESSIVE;
				GCC_WARN_UNUSED_FUNCTION = YES;
				GCC_WARN_UNUSED_VARIABLE = YES;
				MTL_ENABLE_DEBUG_INFO = NO;
				MTL_FAST_MATH = YES;
				SWIFT_COMPILATION_MODE = wholemodule;
				SWIFT_OPTIMIZATION_LEVEL = "-O";
			};
			name = Release;
		};
		88CFEBD6264130100080CE87 /* Debug */ = {
			isa = XCBuildConfiguration;
			buildSettings = {
				ASSETCATALOG_COMPILER_APPICON_NAME = AppIcon;
				ASSETCATALOG_COMPILER_GLOBAL_ACCENT_COLOR_NAME = AccentColor;
				CODE_SIGN_STYLE = Automatic;
				DEVELOPMENT_TEAM = YGAZHQXHH4;
				ENABLE_PREVIEWS = YES;
				INFOPLIST_FILE = iOS/Info.plist;
				IPHONEOS_DEPLOYMENT_TARGET = 14.0;
				LD_RUNPATH_SEARCH_PATHS = (
					"$(inherited)",
					"@executable_path/Frameworks",
				);
				PRODUCT_BUNDLE_IDENTIFIER = dev.peterfriese.BookShelf;
				PRODUCT_NAME = BookShelf;
				SDKROOT = iphoneos;
				SWIFT_VERSION = 5.0;
				TARGETED_DEVICE_FAMILY = "1,2";
			};
			name = Debug;
		};
		88CFEBD7264130100080CE87 /* Release */ = {
			isa = XCBuildConfiguration;
			buildSettings = {
				ASSETCATALOG_COMPILER_APPICON_NAME = AppIcon;
				ASSETCATALOG_COMPILER_GLOBAL_ACCENT_COLOR_NAME = AccentColor;
				CODE_SIGN_STYLE = Automatic;
				DEVELOPMENT_TEAM = YGAZHQXHH4;
				ENABLE_PREVIEWS = YES;
				INFOPLIST_FILE = iOS/Info.plist;
				IPHONEOS_DEPLOYMENT_TARGET = 14.0;
				LD_RUNPATH_SEARCH_PATHS = (
					"$(inherited)",
					"@executable_path/Frameworks",
				);
				PRODUCT_BUNDLE_IDENTIFIER = dev.peterfriese.BookShelf;
				PRODUCT_NAME = BookShelf;
				SDKROOT = iphoneos;
				SWIFT_VERSION = 5.0;
				TARGETED_DEVICE_FAMILY = "1,2";
				VALIDATE_PRODUCT = YES;
			};
			name = Release;
		};
		88CFEBD9264130100080CE87 /* Debug */ = {
			isa = XCBuildConfiguration;
			buildSettings = {
				ASSETCATALOG_COMPILER_APPICON_NAME = AppIcon;
				ASSETCATALOG_COMPILER_GLOBAL_ACCENT_COLOR_NAME = AccentColor;
				CODE_SIGN_ENTITLEMENTS = macOS/macOS.entitlements;
				CODE_SIGN_STYLE = Automatic;
				COMBINE_HIDPI_IMAGES = YES;
				DEVELOPMENT_TEAM = YGAZHQXHH4;
				ENABLE_HARDENED_RUNTIME = YES;
				ENABLE_PREVIEWS = YES;
				INFOPLIST_FILE = macOS/Info.plist;
				LD_RUNPATH_SEARCH_PATHS = (
					"$(inherited)",
					"@executable_path/../Frameworks",
				);
				MACOSX_DEPLOYMENT_TARGET = 11.0;
				PRODUCT_BUNDLE_IDENTIFIER = dev.peterfriese.BookShelf;
				PRODUCT_NAME = BookShelf;
				SDKROOT = macosx;
				SWIFT_VERSION = 5.0;
			};
			name = Debug;
		};
		88CFEBDA264130100080CE87 /* Release */ = {
			isa = XCBuildConfiguration;
			buildSettings = {
				ASSETCATALOG_COMPILER_APPICON_NAME = AppIcon;
				ASSETCATALOG_COMPILER_GLOBAL_ACCENT_COLOR_NAME = AccentColor;
				CODE_SIGN_ENTITLEMENTS = macOS/macOS.entitlements;
				CODE_SIGN_STYLE = Automatic;
				COMBINE_HIDPI_IMAGES = YES;
				DEVELOPMENT_TEAM = YGAZHQXHH4;
				ENABLE_HARDENED_RUNTIME = YES;
				ENABLE_PREVIEWS = YES;
				INFOPLIST_FILE = macOS/Info.plist;
				LD_RUNPATH_SEARCH_PATHS = (
					"$(inherited)",
					"@executable_path/../Frameworks",
				);
				MACOSX_DEPLOYMENT_TARGET = 11.0;
				PRODUCT_BUNDLE_IDENTIFIER = dev.peterfriese.BookShelf;
				PRODUCT_NAME = BookShelf;
				SDKROOT = macosx;
				SWIFT_VERSION = 5.0;
			};
			name = Release;
		};
/* End XCBuildConfiguration section */

/* Begin XCConfigurationList section */
		88CFEBB82641300E0080CE87 /* Build configuration list for PBXProject "BookShelf" */ = {
			isa = XCConfigurationList;
			buildConfigurations = (
				88CFEBD3264130100080CE87 /* Debug */,
				88CFEBD4264130100080CE87 /* Release */,
			);
			defaultConfigurationIsVisible = 0;
			defaultConfigurationName = Release;
		};
		88CFEBD5264130100080CE87 /* Build configuration list for PBXNativeTarget "BookShelf (iOS)" */ = {
			isa = XCConfigurationList;
			buildConfigurations = (
				88CFEBD6264130100080CE87 /* Debug */,
				88CFEBD7264130100080CE87 /* Release */,
			);
			defaultConfigurationIsVisible = 0;
			defaultConfigurationName = Release;
		};
		88CFEBD8264130100080CE87 /* Build configuration list for PBXNativeTarget "BookShelf (macOS)" */ = {
			isa = XCConfigurationList;
			buildConfigurations = (
				88CFEBD9264130100080CE87 /* Debug */,
				88CFEBDA264130100080CE87 /* Release */,
			);
			defaultConfigurationIsVisible = 0;
			defaultConfigurationName = Release;
		};
/* End XCConfigurationList section */

/* Begin XCRemoteSwiftPackageReference section */
		88CFEC082641E87A0080CE87 /* XCRemoteSwiftPackageReference "swiftui-system-colors" */ = {
			isa = XCRemoteSwiftPackageReference;
			repositoryURL = "https://github.com/diniska/swiftui-system-colors";
			requirement = {
				kind = upToNextMajorVersion;
				minimumVersion = 1.0.0;
			};
		};
/* End XCRemoteSwiftPackageReference section */

/* Begin XCSwiftPackageProductDependency section */
		88CFEC092641E87A0080CE87 /* SystemColors */ = {
			isa = XCSwiftPackageProductDependency;
			package = 88CFEC082641E87A0080CE87 /* XCRemoteSwiftPackageReference "swiftui-system-colors" */;
			productName = SystemColors;
		};
		88CFEC0C2641E8DA0080CE87 /* SystemColors */ = {
			isa = XCSwiftPackageProductDependency;
			package = 88CFEC082641E87A0080CE87 /* XCRemoteSwiftPackageReference "swiftui-system-colors" */;
			productName = SystemColors;
		};
/* End XCSwiftPackageProductDependency section */
	};
	rootObject = 88CFEBB52641300E0080CE87 /* Project object */;
}
